// !$*UTF8*$!
{
	archiveVersion = 1;
	classes = {
	};
	objectVersion = 50;
	objects = {

/* Begin PBXBuildFile section */
		01116BAA23BCA34200255C4C /* main.cpp in Sources */ = {isa = PBXBuildFile; fileRef = 01116BA923BCA34200255C4C /* main.cpp */; };
		01116BB223BCA56D00255C4C /* Autoencoder.cpp in Sources */ = {isa = PBXBuildFile; fileRef = 01116BB023BCA56D00255C4C /* Autoencoder.cpp */; };
		01116BB623BCA9AD00255C4C /* Neuron.cpp in Sources */ = {isa = PBXBuildFile; fileRef = 01116BB423BCA9AD00255C4C /* Neuron.cpp */; };
		01116BB923BCAEAD00255C4C /* Connections.cpp in Sources */ = {isa = PBXBuildFile; fileRef = 01116BB723BCAEAD00255C4C /* Connections.cpp */; };
		01116BBC23BCB29A00255C4C /* Randomization.cpp in Sources */ = {isa = PBXBuildFile; fileRef = 01116BBA23BCB29A00255C4C /* Randomization.cpp */; };
		01116BBF23C0C91A00255C4C /* Layer.cpp in Sources */ = {isa = PBXBuildFile; fileRef = 01116BBD23C0C91A00255C4C /* Layer.cpp */; };
		01116BC223C0E80500255C4C /* Mathematics.cpp in Sources */ = {isa = PBXBuildFile; fileRef = 01116BC023C0E80500255C4C /* Mathematics.cpp */; };
		01116BC523C0F86000255C4C /* NeuralNetwork.cpp in Sources */ = {isa = PBXBuildFile; fileRef = 01116BC323C0F86000255C4C /* NeuralNetwork.cpp */; };
/* End PBXBuildFile section */

/* Begin PBXCopyFilesBuildPhase section */
		01116BA423BCA34200255C4C /* CopyFiles */ = {
			isa = PBXCopyFilesBuildPhase;
			buildActionMask = 2147483647;
			dstPath = /usr/share/man/man1/;
			dstSubfolderSpec = 0;
			files = (
			);
			runOnlyForDeploymentPostprocessing = 1;
		};
/* End PBXCopyFilesBuildPhase section */

/* Begin PBXFileReference section */
		01116BA623BCA34200255C4C /* Autoencoder */ = {isa = PBXFileReference; explicitFileType = "compiled.mach-o.executable"; includeInIndex = 0; path = Autoencoder; sourceTree = BUILT_PRODUCTS_DIR; };
		01116BA923BCA34200255C4C /* main.cpp */ = {isa = PBXFileReference; lastKnownFileType = sourcecode.cpp.cpp; path = main.cpp; sourceTree = "<group>"; };
		01116BB023BCA56D00255C4C /* Autoencoder.cpp */ = {isa = PBXFileReference; lastKnownFileType = sourcecode.cpp.cpp; path = Autoencoder.cpp; sourceTree = "<group>"; };
		01116BB123BCA56D00255C4C /* Autoencoder.hpp */ = {isa = PBXFileReference; lastKnownFileType = sourcecode.cpp.h; path = Autoencoder.hpp; sourceTree = "<group>"; };
		01116BB423BCA9AD00255C4C /* Neuron.cpp */ = {isa = PBXFileReference; lastKnownFileType = sourcecode.cpp.cpp; path = Neuron.cpp; sourceTree = "<group>"; };
		01116BB523BCA9AD00255C4C /* Neuron.hpp */ = {isa = PBXFileReference; lastKnownFileType = sourcecode.cpp.h; path = Neuron.hpp; sourceTree = "<group>"; };
		01116BB723BCAEAD00255C4C /* Connections.cpp */ = {isa = PBXFileReference; lastKnownFileType = sourcecode.cpp.cpp; path = Connections.cpp; sourceTree = "<group>"; };
		01116BB823BCAEAD00255C4C /* Connections.hpp */ = {isa = PBXFileReference; lastKnownFileType = sourcecode.cpp.h; path = Connections.hpp; sourceTree = "<group>"; };
		01116BBA23BCB29A00255C4C /* Randomization.cpp */ = {isa = PBXFileReference; lastKnownFileType = sourcecode.cpp.cpp; path = Randomization.cpp; sourceTree = "<group>"; };
		01116BBB23BCB29A00255C4C /* Randomization.hpp */ = {isa = PBXFileReference; lastKnownFileType = sourcecode.cpp.h; path = Randomization.hpp; sourceTree = "<group>"; };
		01116BBD23C0C91A00255C4C /* Layer.cpp */ = {isa = PBXFileReference; lastKnownFileType = sourcecode.cpp.cpp; path = Layer.cpp; sourceTree = "<group>"; };
		01116BBE23C0C91A00255C4C /* Layer.hpp */ = {isa = PBXFileReference; lastKnownFileType = sourcecode.cpp.h; path = Layer.hpp; sourceTree = "<group>"; };
		01116BC023C0E80500255C4C /* Mathematics.cpp */ = {isa = PBXFileReference; lastKnownFileType = sourcecode.cpp.cpp; path = Mathematics.cpp; sourceTree = "<group>"; };
		01116BC123C0E80500255C4C /* Mathematics.hpp */ = {isa = PBXFileReference; lastKnownFileType = sourcecode.cpp.h; path = Mathematics.hpp; sourceTree = "<group>"; };
		01116BC323C0F86000255C4C /* NeuralNetwork.cpp */ = {isa = PBXFileReference; lastKnownFileType = sourcecode.cpp.cpp; path = NeuralNetwork.cpp; sourceTree = "<group>"; };
		01116BC423C0F86000255C4C /* NeuralNetwork.hpp */ = {isa = PBXFileReference; lastKnownFileType = sourcecode.cpp.h; path = NeuralNetwork.hpp; sourceTree = "<group>"; };
/* End PBXFileReference section */

/* Begin PBXFrameworksBuildPhase section */
		01116BA323BCA34200255C4C /* Frameworks */ = {
			isa = PBXFrameworksBuildPhase;
			buildActionMask = 2147483647;
			files = (
			);
			runOnlyForDeploymentPostprocessing = 0;
		};
/* End PBXFrameworksBuildPhase section */

/* Begin PBXGroup section */
		01116B9D23BCA34200255C4C = {
			isa = PBXGroup;
			children = (
				01116BA823BCA34200255C4C /* Autoencoder */,
				01116BA723BCA34200255C4C /* Products */,
			);
			sourceTree = "<group>";
		};
		01116BA723BCA34200255C4C /* Products */ = {
			isa = PBXGroup;
			children = (
				01116BA623BCA34200255C4C /* Autoencoder */,
			);
			name = Products;
			sourceTree = "<group>";
		};
		01116BA823BCA34200255C4C /* Autoencoder */ = {
			isa = PBXGroup;
			children = (
				01116BB323BCA98000255C4C /* Autoencoder */,
				01116BA923BCA34200255C4C /* main.cpp */,
			);
			path = Autoencoder;
			sourceTree = "<group>";
		};
		01116BB323BCA98000255C4C /* Autoencoder */ = {
			isa = PBXGroup;
			children = (
				01116BB123BCA56D00255C4C /* Autoencoder.hpp */,
				01116BB023BCA56D00255C4C /* Autoencoder.cpp */,
				01116BC623C0F86E00255C4C /* NeuralNetwork */,
			);
			path = Autoencoder;
			sourceTree = "<group>";
		};
		01116BC623C0F86E00255C4C /* NeuralNetwork */ = {
			isa = PBXGroup;
			children = (
				01116BC423C0F86000255C4C /* NeuralNetwork.hpp */,
				01116BC323C0F86000255C4C /* NeuralNetwork.cpp */,
				01116BBE23C0C91A00255C4C /* Layer.hpp */,
				01116BBD23C0C91A00255C4C /* Layer.cpp */,
				01116BB523BCA9AD00255C4C /* Neuron.hpp */,
				01116BB423BCA9AD00255C4C /* Neuron.cpp */,
				01116BB823BCAEAD00255C4C /* Connections.hpp */,
				01116BB723BCAEAD00255C4C /* Connections.cpp */,
				01116BBB23BCB29A00255C4C /* Randomization.hpp */,
				01116BBA23BCB29A00255C4C /* Randomization.cpp */,
				01116BC123C0E80500255C4C /* Mathematics.hpp */,
				01116BC023C0E80500255C4C /* Mathematics.cpp */,
			);
			path = NeuralNetwork;
			sourceTree = "<group>";
		};
/* End PBXGroup section */

/* Begin PBXNativeTarget section */
		01116BA523BCA34200255C4C /* Autoencoder */ = {
			isa = PBXNativeTarget;
			buildConfigurationList = 01116BAD23BCA34200255C4C /* Build configuration list for PBXNativeTarget "Autoencoder" */;
			buildPhases = (
				01116BA223BCA34200255C4C /* Sources */,
				01116BA323BCA34200255C4C /* Frameworks */,
				01116BA423BCA34200255C4C /* CopyFiles */,
			);
			buildRules = (
			);
			dependencies = (
			);
			name = Autoencoder;
			productName = Autoencoder;
			productReference = 01116BA623BCA34200255C4C /* Autoencoder */;
			productType = "com.apple.product-type.tool";
		};
/* End PBXNativeTarget section */

/* Begin PBXProject section */
		01116B9E23BCA34200255C4C /* Project object */ = {
			isa = PBXProject;
			attributes = {
				LastUpgradeCheck = 1130;
				ORGANIZATIONNAME = Nick;
				TargetAttributes = {
					01116BA523BCA34200255C4C = {
						CreatedOnToolsVersion = 11.3;
					};
				};
			};
			buildConfigurationList = 01116BA123BCA34200255C4C /* Build configuration list for PBXProject "Autoencoder" */;
			compatibilityVersion = "Xcode 9.3";
			developmentRegion = en;
			hasScannedForEncodings = 0;
			knownRegions = (
				en,
				Base,
			);
			mainGroup = 01116B9D23BCA34200255C4C;
			productRefGroup = 01116BA723BCA34200255C4C /* Products */;
			projectDirPath = "";
			projectRoot = "";
			targets = (
				01116BA523BCA34200255C4C /* Autoencoder */,
			);
		};
/* End PBXProject section */

/* Begin PBXSourcesBuildPhase section */
		01116BA223BCA34200255C4C /* Sources */ = {
			isa = PBXSourcesBuildPhase;
			buildActionMask = 2147483647;
			files = (
				01116BAA23BCA34200255C4C /* main.cpp in Sources */,
				01116BB223BCA56D00255C4C /* Autoencoder.cpp in Sources */,
				01116BB623BCA9AD00255C4C /* Neuron.cpp in Sources */,
				01116BC523C0F86000255C4C /* NeuralNetwork.cpp in Sources */,
				01116BBF23C0C91A00255C4C /* Layer.cpp in Sources */,
				01116BB923BCAEAD00255C4C /* Connections.cpp in Sources */,
				01116BBC23BCB29A00255C4C /* Randomization.cpp in Sources */,
				01116BC223C0E80500255C4C /* Mathematics.cpp in Sources */,
			);
			runOnlyForDeploymentPostprocessing = 0;
		};
/* End PBXSourcesBuildPhase section */

/* Begin XCBuildConfiguration section */
		01116BAB23BCA34200255C4C /* Debug */ = {
			isa = XCBuildConfiguration;
			buildSettings = {
				ALWAYS_SEARCH_USER_PATHS = NO;
				CLANG_ANALYZER_NONNULL = YES;
				CLANG_ANALYZER_NUMBER_OBJECT_CONVERSION = YES_AGGRESSIVE;
				CLANG_CXX_LANGUAGE_STANDARD = "gnu++14";
				CLANG_CXX_LIBRARY = "libc++";
				CLANG_ENABLE_MODULES = YES;
				CLANG_ENABLE_OBJC_ARC = YES;
				CLANG_ENABLE_OBJC_WEAK = YES;
				CLANG_WARN_BLOCK_CAPTURE_AUTORELEASING = YES;
				CLANG_WARN_BOOL_CONVERSION = YES;
				CLANG_WARN_COMMA = YES;
				CLANG_WARN_CONSTANT_CONVERSION = YES;
				CLANG_WARN_DEPRECATED_OBJC_IMPLEMENTATIONS = YES;
				CLANG_WARN_DIRECT_OBJC_ISA_USAGE = YES_ERROR;
				CLANG_WARN_DOCUMENTATION_COMMENTS = YES;
				CLANG_WARN_EMPTY_BODY = YES;
				CLANG_WARN_ENUM_CONVERSION = YES;
				CLANG_WARN_INFINITE_RECURSION = YES;
				CLANG_WARN_INT_CONVERSION = YES;
				CLANG_WARN_NON_LITERAL_NULL_CONVERSION = YES;
				CLANG_WARN_OBJC_IMPLICIT_RETAIN_SELF = YES;
				CLANG_WARN_OBJC_LITERAL_CONVERSION = YES;
				CLANG_WARN_OBJC_ROOT_CLASS = YES_ERROR;
				CLANG_WARN_RANGE_LOOP_ANALYSIS = YES;
				CLANG_WARN_STRICT_PROTOTYPES = YES;
				CLANG_WARN_SUSPICIOUS_MOVE = YES;
				CLANG_WARN_UNGUARDED_AVAILABILITY = YES_AGGRESSIVE;
				CLANG_WARN_UNREACHABLE_CODE = YES;
				CLANG_WARN__DUPLICATE_METHOD_MATCH = YES;
				COPY_PHASE_STRIP = NO;
				DEBUG_INFORMATION_FORMAT = dwarf;
				ENABLE_STRICT_OBJC_MSGSEND = YES;
				ENABLE_TESTABILITY = YES;
				GCC_C_LANGUAGE_STANDARD = gnu11;
				GCC_DYNAMIC_NO_PIC = NO;
				GCC_NO_COMMON_BLOCKS = YES;
				GCC_OPTIMIZATION_LEVEL = 0;
				GCC_PREPROCESSOR_DEFINITIONS = (
					"DEBUG=1",
					"$(inherited)",
				);
				GCC_WARN_64_TO_32_BIT_CONVERSION = YES;
				GCC_WARN_ABOUT_RETURN_TYPE = YES_ERROR;
				GCC_WARN_UNDECLARED_SELECTOR = YES;
				GCC_WARN_UNINITIALIZED_AUTOS = YES_AGGRESSIVE;
				GCC_WARN_UNUSED_FUNCTION = YES;
				GCC_WARN_UNUSED_VARIABLE = YES;
				MACOSX_DEPLOYMENT_TARGET = 10.15;
				MTL_ENABLE_DEBUG_INFO = INCLUDE_SOURCE;
				MTL_FAST_MATH = YES;
				ONLY_ACTIVE_ARCH = YES;
				SDKROOT = macosx;
			};
			name = Debug;
		};
		01116BAC23BCA34200255C4C /* Release */ = {
			isa = XCBuildConfiguration;
			buildSettings = {
				ALWAYS_SEARCH_USER_PATHS = NO;
				CLANG_ANALYZER_NONNULL = YES;
				CLANG_ANALYZER_NUMBER_OBJECT_CONVERSION = YES_AGGRESSIVE;
				CLANG_CXX_LANGUAGE_STANDARD = "gnu++14";
				CLANG_CXX_LIBRARY = "libc++";
				CLANG_ENABLE_MODULES = YES;
				CLANG_ENABLE_OBJC_ARC = YES;
				CLANG_ENABLE_OBJC_WEAK = YES;
				CLANG_WARN_BLOCK_CAPTURE_AUTORELEASING = YES;
				CLANG_WARN_BOOL_CONVERSION = YES;
				CLANG_WARN_COMMA = YES;
				CLANG_WARN_CONSTANT_CONVERSION = YES;
				CLANG_WARN_DEPRECATED_OBJC_IMPLEMENTATIONS = YES;
				CLANG_WARN_DIRECT_OBJC_ISA_USAGE = YES_ERROR;
				CLANG_WARN_DOCUMENTATION_COMMENTS = YES;
				CLANG_WARN_EMPTY_BODY = YES;
				CLANG_WARN_ENUM_CONVERSION = YES;
				CLANG_WARN_INFINITE_RECURSION = YES;
				CLANG_WARN_INT_CONVERSION = YES;
				CLANG_WARN_NON_LITERAL_NULL_CONVERSION = YES;
				CLANG_WARN_OBJC_IMPLICIT_RETAIN_SELF = YES;
				CLANG_WARN_OBJC_LITERAL_CONVERSION = YES;
				CLANG_WARN_OBJC_ROOT_CLASS = YES_ERROR;
				CLANG_WARN_RANGE_LOOP_ANALYSIS = YES;
				CLANG_WARN_STRICT_PROTOTYPES = YES;
				CLANG_WARN_SUSPICIOUS_MOVE = YES;
				CLANG_WARN_UNGUARDED_AVAILABILITY = YES_AGGRESSIVE;
				CLANG_WARN_UNREACHABLE_CODE = YES;
				CLANG_WARN__DUPLICATE_METHOD_MATCH = YES;
				COPY_PHASE_STRIP = NO;
				DEBUG_INFORMATION_FORMAT = "dwarf-with-dsym";
				ENABLE_NS_ASSERTIONS = NO;
				ENABLE_STRICT_OBJC_MSGSEND = YES;
				GCC_C_LANGUAGE_STANDARD = gnu11;
				GCC_NO_COMMON_BLOCKS = YES;
				GCC_WARN_64_TO_32_BIT_CONVERSION = YES;
				GCC_WARN_ABOUT_RETURN_TYPE = YES_ERROR;
				GCC_WARN_UNDECLARED_SELECTOR = YES;
				GCC_WARN_UNINITIALIZED_AUTOS = YES_AGGRESSIVE;
				GCC_WARN_UNUSED_FUNCTION = YES;
				GCC_WARN_UNUSED_VARIABLE = YES;
				MACOSX_DEPLOYMENT_TARGET = 10.15;
				MTL_ENABLE_DEBUG_INFO = NO;
				MTL_FAST_MATH = YES;
				SDKROOT = macosx;
			};
			name = Release;
		};
		01116BAE23BCA34200255C4C /* Debug */ = {
			isa = XCBuildConfiguration;
			buildSettings = {
				CODE_SIGN_STYLE = Automatic;
				PRODUCT_NAME = "$(TARGET_NAME)";
			};
			name = Debug;
		};
		01116BAF23BCA34200255C4C /* Release */ = {
			isa = XCBuildConfiguration;
			buildSettings = {
				CODE_SIGN_STYLE = Automatic;
				PRODUCT_NAME = "$(TARGET_NAME)";
			};
			name = Release;
		};
/* End XCBuildConfiguration section */

/* Begin XCConfigurationList section */
		01116BA123BCA34200255C4C /* Build configuration list for PBXProject "Autoencoder" */ = {
			isa = XCConfigurationList;
			buildConfigurations = (
				01116BAB23BCA34200255C4C /* Debug */,
				01116BAC23BCA34200255C4C /* Release */,
			);
			defaultConfigurationIsVisible = 0;
			defaultConfigurationName = Release;
		};
		01116BAD23BCA34200255C4C /* Build configuration list for PBXNativeTarget "Autoencoder" */ = {
			isa = XCConfigurationList;
			buildConfigurations = (
				01116BAE23BCA34200255C4C /* Debug */,
				01116BAF23BCA34200255C4C /* Release */,
			);
			defaultConfigurationIsVisible = 0;
			defaultConfigurationName = Release;
		};
/* End XCConfigurationList section */
	};
	rootObject = 01116B9E23BCA34200255C4C /* Project object */;
}
